
Microsoft Visual Studio Solution File, Format Version 12.00
# Visual Studio 15
Project("{FAE04EC0-301F-11D3-BF4B-00C04F79EFBC}") = "Assembly-CSharp", "Assembly-CSharp.csproj", "{1BB273CA-49A4-5079-E45A-E120BAC1717F}"
EndProject
Project("{FAE04EC0-301F-11D3-BF4B-00C04F79EFBC}") = "Assembly-CSharp-Editor", "Assembly-CSharp-Editor.csproj", "{950974F4-1148-25C0-70DB-2314F52FAAB8}"
EndProject
Global
	GlobalSection(SolutionConfigurationPlatforms) = preSolution
		Debug|Any CPU = Debug|Any CPU
		Release|Any CPU = Release|Any CPU
	EndGlobalSection
	GlobalSection(ProjectConfigurationPlatforms) = postSolution
		{1BB273CA-49A4-5079-E45A-E120BAC1717F}.Debug|Any CPU.ActiveCfg = Debug|Any CPU
		{1BB273CA-49A4-5079-E45A-E120BAC1717F}.Debug|Any CPU.Build.0 = Debug|Any CPU
		{1BB273CA-49A4-5079-E45A-E120BAC1717F}.Release|Any CPU.ActiveCfg = Release|Any CPU
		{1BB273CA-49A4-5079-E45A-E120BAC1717F}.Release|Any CPU.Build.0 = Release|Any CPU
		{950974F4-1148-25C0-70DB-2314F52FAAB8}.Debug|Any CPU.ActiveCfg = Debug|Any CPU
		{950974F4-1148-25C0-70DB-2314F52FAAB8}.Debug|Any CPU.Build.0 = Debug|Any CPU
		{950974F4-1148-25C0-70DB-2314F52FAAB8}.Release|Any CPU.ActiveCfg = Release|Any CPU
		{950974F4-1148-25C0-70DB-2314F52FAAB8}.Release|Any CPU.Build.0 = Release|Any CPU
	EndGlobalSection
	GlobalSection(SolutionProperties) = preSolution
		HideSolutionNode = FALSE
	EndGlobalSection
EndGlobal
